<?xml version="1.0" encoding="utf-8"?>
<Project ToolsVersion="4.0" xmlns="http://schemas.microsoft.com/developer/msbuild/2003">
  <ItemGroup>
    <Filter Include="源文件">
      <UniqueIdentifier>{4FC737F1-C7A5-4376-A066-2A32D752A2FF}</UniqueIdentifier>
      <Extensions>cpp;c;cc;cxx;c++;cppm;ixx;def;odl;idl;hpj;bat;asm;asmx</Extensions>
    </Filter>
    <Filter Include="头文件">
      <UniqueIdentifier>{93995380-89BD-4b04-88EB-625FBE52EBFB}</UniqueIdentifier>
      <Extensions>h;hh;hpp;hxx;h++;hm;inl;inc;ipp;xsd</Extensions>
    </Filter>
    <Filter Include="资源文件">
      <UniqueIdentifier>{67DA6AB6-F800-4c08-8B7A-83BB121AAD01}</UniqueIdentifier>
      <Extensions>rc;ico;cur;bmp;dlg;rc2;rct;bin;rgs;gif;jpg;jpeg;jpe;resx;tiff;tif;png;wav;mfcribbon-ms</Extensions>
    </Filter>
    <Filter Include="core">
      <UniqueIdentifier>{b837286b-92f9-4c94-ad3b-ff98b2572ebe}</UniqueIdentifier>
    </Filter>
    <Filter Include="kernel">
      <UniqueIdentifier>{1882b631-15df-47c9-878f-bf6793f6f344}</UniqueIdentifier>
    </Filter>
    <Filter Include="protocol">
      <UniqueIdentifier>{c7d2ef31-01f8-456d-9393-cc3142c2d175}</UniqueIdentifier>
    </Filter>
    <Filter Include="app">
      <UniqueIdentifier>{5ead025e-6f53-48e5-b8bf-9907ddd35024}</UniqueIdentifier>
    </Filter>
    <Filter Include="main">
      <UniqueIdentifier>{f309ea80-e409-4e3e-b355-dd9cc4575ff7}</UniqueIdentifier>
    </Filter>
  </ItemGroup>
  <ItemGroup>
    <ClCompile Include="windows_build.cpp">
      <Filter>源文件</Filter>
    </ClCompile>
    <ClCompile Include="..\..\src\core\srs_core.cpp">
      <Filter>core</Filter>
    </ClCompile>
    <ClCompile Include="..\..\src\core\srs_core_autofree.cpp">
      <Filter>core</Filter>
    </ClCompile>
    <ClCompile Include="..\..\src\core\srs_core_performance.cpp">
      <Filter>core</Filter>
    </ClCompile>
    <ClCompile Include="..\..\src\core\srs_core_platform.cpp">
      <Filter>core</Filter>
    </ClCompile>
    <ClCompile Include="..\..\src\core\srs_core_time.cpp">
      <Filter>core</Filter>
    </ClCompile>
    <ClCompile Include="..\..\src\core\srs_core_version5.cpp">
      <Filter>core</Filter>
    </ClCompile>
    <ClCompile Include="..\..\src\kernel\srs_kernel_aac.cpp">
      <Filter>kernel</Filter>
    </ClCompile>
    <ClCompile Include="..\..\src\kernel\srs_kernel_balance.cpp">
      <Filter>kernel</Filter>
    </ClCompile>
    <ClCompile Include="..\..\src\kernel\srs_kernel_buffer.cpp">
      <Filter>kernel</Filter>
    </ClCompile>
    <ClCompile Include="..\..\src\kernel\srs_kernel_codec.cpp">
      <Filter>kernel</Filter>
    </ClCompile>
    <ClCompile Include="..\..\src\kernel\srs_kernel_consts.cpp">
      <Filter>kernel</Filter>
    </ClCompile>
    <ClCompile Include="..\..\src\kernel\srs_kernel_error.cpp">
      <Filter>kernel</Filter>
    </ClCompile>
    <ClCompile Include="..\..\src\kernel\srs_kernel_file.cpp">
      <Filter>kernel</Filter>
    </ClCompile>
    <ClCompile Include="..\..\src\kernel\srs_kernel_flv.cpp">
      <Filter>kernel</Filter>
    </ClCompile>
    <ClCompile Include="..\..\src\kernel\srs_kernel_io.cpp">
      <Filter>kernel</Filter>
    </ClCompile>
    <ClCompile Include="..\..\src\kernel\srs_kernel_kbps.cpp">
      <Filter>kernel</Filter>
    </ClCompile>
    <ClCompile Include="..\..\src\kernel\srs_kernel_log.cpp">
      <Filter>kernel</Filter>
    </ClCompile>
    <ClCompile Include="..\..\src\kernel\srs_kernel_mp3.cpp">
      <Filter>kernel</Filter>
    </ClCompile>
    <ClCompile Include="..\..\src\kernel\srs_kernel_mp4.cpp">
      <Filter>kernel</Filter>
    </ClCompile>
    <ClCompile Include="..\..\src\kernel\srs_kernel_ps.cpp">
      <Filter>kernel</Filter>
    </ClCompile>
    <ClCompile Include="..\..\src\kernel\srs_kernel_rtc_rtcp.cpp">
      <Filter>kernel</Filter>
    </ClCompile>
    <ClCompile Include="..\..\src\kernel\srs_kernel_rtc_rtp.cpp">
      <Filter>kernel</Filter>
    </ClCompile>
    <ClCompile Include="..\..\src\kernel\srs_kernel_stream.cpp">
      <Filter>kernel</Filter>
    </ClCompile>
    <ClCompile Include="..\..\src\kernel\srs_kernel_ts.cpp">
      <Filter>kernel</Filter>
    </ClCompile>
    <ClCompile Include="..\..\src\kernel\srs_kernel_utility.cpp">
      <Filter>kernel</Filter>
    </ClCompile>
    <ClCompile Include="..\..\src\protocol\srs_protocol_amf0.cpp">
      <Filter>protocol</Filter>
    </ClCompile>
    <ClCompile Include="..\..\src\protocol\srs_protocol_conn.cpp">
      <Filter>protocol</Filter>
    </ClCompile>
    <ClCompile Include="..\..\src\protocol\srs_protocol_format.cpp">
      <Filter>protocol</Filter>
    </ClCompile>
    <ClCompile Include="..\..\src\protocol\srs_protocol_http_client.cpp">
      <Filter>protocol</Filter>
    </ClCompile>
    <ClCompile Include="..\..\src\protocol\srs_protocol_http_conn.cpp">
      <Filter>protocol</Filter>
    </ClCompile>
    <ClCompile Include="..\..\src\protocol\srs_protocol_http_stack.cpp">
      <Filter>protocol</Filter>
    </ClCompile>
    <ClCompile Include="..\..\src\protocol\srs_protocol_io.cpp">
      <Filter>protocol</Filter>
    </ClCompile>
    <ClCompile Include="..\..\src\protocol\srs_protocol_json.cpp">
      <Filter>protocol</Filter>
    </ClCompile>
    <ClCompile Include="..\..\src\protocol\srs_protocol_kbps.cpp">
      <Filter>protocol</Filter>
    </ClCompile>
    <ClCompile Include="..\..\src\protocol\srs_protocol_log.cpp">
      <Filter>protocol</Filter>
    </ClCompile>
    <ClCompile Include="..\..\src\protocol\srs_protocol_protobuf.cpp">
      <Filter>protocol</Filter>
    </ClCompile>
    <ClCompile Include="..\..\src\protocol\srs_protocol_raw_avc.cpp">
      <Filter>protocol</Filter>
    </ClCompile>
    <ClCompile Include="..\..\src\protocol\srs_protocol_rtc_stun.cpp">
      <Filter>protocol</Filter>
    </ClCompile>
    <ClCompile Include="..\..\src\protocol\srs_protocol_rtmp_conn.cpp">
      <Filter>protocol</Filter>
    </ClCompile>
    <ClCompile Include="..\..\src\protocol\srs_protocol_rtmp_handshake.cpp">
      <Filter>protocol</Filter>
    </ClCompile>
    <ClCompile Include="..\..\src\protocol\srs_protocol_rtmp_msg_array.cpp">
      <Filter>protocol</Filter>
    </ClCompile>
    <ClCompile Include="..\..\src\protocol\srs_protocol_rtmp_stack.cpp">
      <Filter>protocol</Filter>
    </ClCompile>
    <ClCompile Include="..\..\src\protocol\srs_protocol_st.cpp">
      <Filter>protocol</Filter>
    </ClCompile>
    <ClCompile Include="..\..\src\protocol\srs_protocol_stream.cpp">
      <Filter>protocol</Filter>
    </ClCompile>
    <ClCompile Include="..\..\src\protocol\srs_protocol_utility.cpp">
      <Filter>protocol</Filter>
    </ClCompile>
    <ClCompile Include="..\..\src\app\srs_app_async_call.cpp">
      <Filter>app</Filter>
    </ClCompile>
    <ClCompile Include="..\..\src\app\srs_app_caster_flv.cpp">
      <Filter>app</Filter>
    </ClCompile>
    <ClCompile Include="..\..\src\app\srs_app_config.cpp">
      <Filter>app</Filter>
    </ClCompile>
    <ClCompile Include="..\..\src\app\srs_app_conn.cpp">
      <Filter>app</Filter>
    </ClCompile>
    <ClCompile Include="..\..\src\app\srs_app_coworkers.cpp">
      <Filter>app</Filter>
    </ClCompile>
    <ClCompile Include="..\..\src\app\srs_app_dash.cpp">
      <Filter>app</Filter>
    </ClCompile>
    <ClCompile Include="..\..\src\app\srs_app_dvr.cpp">
      <Filter>app</Filter>
    </ClCompile>
    <ClCompile Include="..\..\src\app\srs_app_edge.cpp">
      <Filter>app</Filter>
    </ClCompile>
    <ClCompile Include="..\..\src\app\srs_app_empty.cpp">
      <Filter>app</Filter>
    </ClCompile>
    <ClCompile Include="..\..\src\app\srs_app_encoder.cpp">
      <Filter>app</Filter>
    </ClCompile>
    <ClCompile Include="..\..\src\app\srs_app_ffmpeg.cpp">
      <Filter>app</Filter>
    </ClCompile>
    <ClCompile Include="..\..\src\app\srs_app_forward.cpp">
      <Filter>app</Filter>
    </ClCompile>
    <ClCompile Include="..\..\src\app\srs_app_fragment.cpp">
      <Filter>app</Filter>
    </ClCompile>
    <ClCompile Include="..\..\src\app\srs_app_gb28181.cpp">
      <Filter>app</Filter>
    </ClCompile>
    <ClCompile Include="..\..\src\app\srs_app_hds.cpp">
      <Filter>app</Filter>
    </ClCompile>
    <ClCompile Include="..\..\src\app\srs_app_heartbeat.cpp">
      <Filter>app</Filter>
    </ClCompile>
    <ClCompile Include="..\..\src\app\srs_app_hls.cpp">
      <Filter>app</Filter>
    </ClCompile>
    <ClCompile Include="..\..\src\app\srs_app_hourglass.cpp">
      <Filter>app</Filter>
    </ClCompile>
    <ClCompile Include="..\..\src\app\srs_app_http_api.cpp">
      <Filter>app</Filter>
    </ClCompile>
    <ClCompile Include="..\..\src\app\srs_app_http_client.cpp">
      <Filter>app</Filter>
    </ClCompile>
    <ClCompile Include="..\..\src\app\srs_app_http_conn.cpp">
      <Filter>app</Filter>
    </ClCompile>
    <ClCompile Include="..\..\src\app\srs_app_http_hooks.cpp">
      <Filter>app</Filter>
    </ClCompile>
    <ClCompile Include="..\..\src\app\srs_app_http_static.cpp">
      <Filter>app</Filter>
    </ClCompile>
    <ClCompile Include="..\..\src\app\srs_app_http_stream.cpp">
      <Filter>app</Filter>
    </ClCompile>
    <ClCompile Include="..\..\src\app\srs_app_hybrid.cpp">
      <Filter>app</Filter>
    </ClCompile>
    <ClCompile Include="..\..\src\app\srs_app_ingest.cpp">
      <Filter>app</Filter>
    </ClCompile>
    <ClCompile Include="..\..\src\app\srs_app_latest_version.cpp">
      <Filter>app</Filter>
    </ClCompile>
    <ClCompile Include="..\..\src\app\srs_app_listener.cpp">
      <Filter>app</Filter>
    </ClCompile>
    <ClCompile Include="..\..\src\app\srs_app_log.cpp">
      <Filter>app</Filter>
    </ClCompile>
    <ClCompile Include="..\..\src\app\srs_app_mpegts_udp.cpp">
      <Filter>app</Filter>
    </ClCompile>
    <ClCompile Include="..\..\src\app\srs_app_ng_exec.cpp">
      <Filter>app</Filter>
    </ClCompile>
    <ClCompile Include="..\..\src\app\srs_app_pithy_print.cpp">
      <Filter>app</Filter>
    </ClCompile>
    <ClCompile Include="..\..\src\app\srs_app_process.cpp">
      <Filter>app</Filter>
    </ClCompile>
    <ClCompile Include="..\..\src\app\srs_app_recv_thread.cpp">
      <Filter>app</Filter>
    </ClCompile>
    <ClCompile Include="..\..\src\app\srs_app_refer.cpp">
      <Filter>app</Filter>
    </ClCompile>
    <ClCompile Include="..\..\src\app\srs_app_reload.cpp">
      <Filter>app</Filter>
    </ClCompile>
    <ClCompile Include="..\..\src\app\srs_app_rtc_api.cpp">
      <Filter>app</Filter>
    </ClCompile>
    <ClCompile Include="..\..\src\app\srs_app_rtc_codec.cpp">
      <Filter>app</Filter>
    </ClCompile>
    <ClCompile Include="..\..\src\app\srs_app_rtc_conn.cpp">
      <Filter>app</Filter>
    </ClCompile>
    <ClCompile Include="..\..\src\app\srs_app_rtc_dtls.cpp">
      <Filter>app</Filter>
    </ClCompile>
    <ClCompile Include="..\..\src\app\srs_app_rtc_network.cpp">
      <Filter>app</Filter>
    </ClCompile>
    <ClCompile Include="..\..\src\app\srs_app_rtc_queue.cpp">
      <Filter>app</Filter>
    </ClCompile>
    <ClCompile Include="..\..\src\app\srs_app_rtc_sdp.cpp">
      <Filter>app</Filter>
    </ClCompile>
    <ClCompile Include="..\..\src\app\srs_app_rtc_server.cpp">
      <Filter>app</Filter>
    </ClCompile>
    <ClCompile Include="..\..\src\app\srs_app_rtc_source.cpp">
      <Filter>app</Filter>
    </ClCompile>
    <ClCompile Include="..\..\src\app\srs_app_rtmp_conn.cpp">
      <Filter>app</Filter>
    </ClCompile>
    <ClCompile Include="..\..\src\app\srs_app_security.cpp">
      <Filter>app</Filter>
    </ClCompile>
    <ClCompile Include="..\..\src\app\srs_app_server.cpp">
      <Filter>app</Filter>
    </ClCompile>
    <ClCompile Include="..\..\src\app\srs_app_source.cpp">
      <Filter>app</Filter>
    </ClCompile>
    <ClCompile Include="..\..\src\app\srs_app_srt_conn.cpp">
      <Filter>app</Filter>
    </ClCompile>
    <ClCompile Include="..\..\src\app\srs_app_srt_listener.cpp">
      <Filter>app</Filter>
    </ClCompile>
    <ClCompile Include="..\..\src\app\srs_app_srt_server.cpp">
      <Filter>app</Filter>
    </ClCompile>
    <ClCompile Include="..\..\src\app\srs_app_srt_source.cpp">
      <Filter>app</Filter>
    </ClCompile>
    <ClCompile Include="..\..\src\app\srs_app_srt_utility.cpp">
      <Filter>app</Filter>
    </ClCompile>
    <ClCompile Include="..\..\src\app\srs_app_st.cpp">
      <Filter>app</Filter>
    </ClCompile>
    <ClCompile Include="..\..\src\app\srs_app_statistic.cpp">
      <Filter>app</Filter>
    </ClCompile>
    <ClCompile Include="..\..\src\app\srs_app_tencentcloud.cpp">
      <Filter>app</Filter>
    </ClCompile>
    <ClCompile Include="..\..\src\app\srs_app_threads.cpp">
      <Filter>app</Filter>
    </ClCompile>
    <ClCompile Include="..\..\src\app\srs_app_utility.cpp">
      <Filter>app</Filter>
    </ClCompile>
    <ClCompile Include="..\..\src\app\srs_app_uuid.cpp">
      <Filter>app</Filter>
    </ClCompile>
    <ClCompile Include="..\..\src\main\srs_main_server_win.cpp">
      <Filter>main</Filter>
    </ClCompile>
  </ItemGroup>
  <ItemGroup>
    <ClInclude Include="..\..\src\core\srs_core.hpp">
      <Filter>core</Filter>
    </ClInclude>
    <ClInclude Include="..\..\src\core\srs_core_autofree.hpp">
      <Filter>core</Filter>
    </ClInclude>
    <ClInclude Include="..\..\src\core\srs_core_performance.hpp">
      <Filter>core</Filter>
    </ClInclude>
    <ClInclude Include="..\..\src\core\srs_core_platform.hpp">
      <Filter>core</Filter>
    </ClInclude>
    <ClInclude Include="..\..\src\core\srs_core_time.hpp">
      <Filter>core</Filter>
    </ClInclude>
    <ClInclude Include="..\..\src\core\srs_core_version5.hpp">
      <Filter>core</Filter>
    </ClInclude>
    <ClInclude Include="..\..\src\kernel\srs_kernel_aac.hpp">
      <Filter>kernel</Filter>
    </ClInclude>
    <ClInclude Include="..\..\src\kernel\srs_kernel_balance.hpp">
      <Filter>kernel</Filter>
    </ClInclude>
    <ClInclude Include="..\..\src\kernel\srs_kernel_buffer.hpp">
      <Filter>kernel</Filter>
    </ClInclude>
    <ClInclude Include="..\..\src\kernel\srs_kernel_codec.hpp">
      <Filter>kernel</Filter>
    </ClInclude>
    <ClInclude Include="..\..\src\kernel\srs_kernel_consts.hpp">
      <Filter>kernel</Filter>
    </ClInclude>
    <ClInclude Include="..\..\src\kernel\srs_kernel_error.hpp">
      <Filter>kernel</Filter>
    </ClInclude>
    <ClInclude Include="..\..\src\kernel\srs_kernel_file.hpp">
      <Filter>kernel</Filter>
    </ClInclude>
    <ClInclude Include="..\..\src\kernel\srs_kernel_flv.hpp">
      <Filter>kernel</Filter>
    </ClInclude>
    <ClInclude Include="..\..\src\kernel\srs_kernel_io.hpp">
      <Filter>kernel</Filter>
    </ClInclude>
    <ClInclude Include="..\..\src\kernel\srs_kernel_kbps.hpp">
      <Filter>kernel</Filter>
    </ClInclude>
    <ClInclude Include="..\..\src\kernel\srs_kernel_log.hpp">
      <Filter>kernel</Filter>
    </ClInclude>
    <ClInclude Include="..\..\src\kernel\srs_kernel_mp3.hpp">
      <Filter>kernel</Filter>
    </ClInclude>
    <ClInclude Include="..\..\src\kernel\srs_kernel_mp4.hpp">
      <Filter>kernel</Filter>
    </ClInclude>
    <ClInclude Include="..\..\src\kernel\srs_kernel_ps.hpp">
      <Filter>kernel</Filter>
    </ClInclude>
    <ClInclude Include="..\..\src\kernel\srs_kernel_rtc_rtcp.hpp">
      <Filter>kernel</Filter>
    </ClInclude>
    <ClInclude Include="..\..\src\kernel\srs_kernel_rtc_rtp.hpp">
      <Filter>kernel</Filter>
    </ClInclude>
    <ClInclude Include="..\..\src\kernel\srs_kernel_stream.hpp">
      <Filter>kernel</Filter>
    </ClInclude>
    <ClInclude Include="..\..\src\kernel\srs_kernel_ts.hpp">
      <Filter>kernel</Filter>
    </ClInclude>
    <ClInclude Include="..\..\src\kernel\srs_kernel_utility.hpp">
      <Filter>kernel</Filter>
    </ClInclude>
    <ClInclude Include="..\..\src\protocol\srs_protocol_amf0.hpp">
      <Filter>protocol</Filter>
    </ClInclude>
    <ClInclude Include="..\..\src\protocol\srs_protocol_conn.hpp">
      <Filter>protocol</Filter>
    </ClInclude>
    <ClInclude Include="..\..\src\protocol\srs_protocol_format.hpp">
      <Filter>protocol</Filter>
    </ClInclude>
    <ClInclude Include="..\..\src\protocol\srs_protocol_http_client.hpp">
      <Filter>protocol</Filter>
    </ClInclude>
    <ClInclude Include="..\..\src\protocol\srs_protocol_http_conn.hpp">
      <Filter>protocol</Filter>
    </ClInclude>
    <ClInclude Include="..\..\src\protocol\srs_protocol_http_stack.hpp">
      <Filter>protocol</Filter>
    </ClInclude>
    <ClInclude Include="..\..\src\protocol\srs_protocol_io.hpp">
      <Filter>protocol</Filter>
    </ClInclude>
    <ClInclude Include="..\..\src\protocol\srs_protocol_json.hpp">
      <Filter>protocol</Filter>
    </ClInclude>
    <ClInclude Include="..\..\src\protocol\srs_protocol_kbps.hpp">
      <Filter>protocol</Filter>
    </ClInclude>
    <ClInclude Include="..\..\src\protocol\srs_protocol_log.hpp">
      <Filter>protocol</Filter>
    </ClInclude>
    <ClInclude Include="..\..\src\protocol\srs_protocol_protobuf.hpp">
      <Filter>protocol</Filter>
    </ClInclude>
    <ClInclude Include="..\..\src\protocol\srs_protocol_raw_avc.hpp">
      <Filter>protocol</Filter>
    </ClInclude>
    <ClInclude Include="..\..\src\protocol\srs_protocol_rtc_stun.hpp">
      <Filter>protocol</Filter>
    </ClInclude>
    <ClInclude Include="..\..\src\protocol\srs_protocol_rtmp_conn.hpp">
      <Filter>protocol</Filter>
    </ClInclude>
    <ClInclude Include="..\..\src\protocol\srs_protocol_rtmp_handshake.hpp">
      <Filter>protocol</Filter>
    </ClInclude>
    <ClInclude Include="..\..\src\protocol\srs_protocol_rtmp_msg_array.hpp">
      <Filter>protocol</Filter>
    </ClInclude>
    <ClInclude Include="..\..\src\protocol\srs_protocol_rtmp_stack.hpp">
      <Filter>protocol</Filter>
    </ClInclude>
    <ClInclude Include="..\..\src\protocol\srs_protocol_st.hpp">
      <Filter>protocol</Filter>
    </ClInclude>
    <ClInclude Include="..\..\src\protocol\srs_protocol_stream.hpp">
      <Filter>protocol</Filter>
    </ClInclude>
    <ClInclude Include="..\..\src\protocol\srs_protocol_utility.hpp">
      <Filter>protocol</Filter>
    </ClInclude>
    <ClInclude Include="..\..\src\app\srs_app_async_call.hpp">
      <Filter>app</Filter>
    </ClInclude>
    <ClInclude Include="..\..\src\app\srs_app_caster_flv.hpp">
      <Filter>app</Filter>
    </ClInclude>
    <ClInclude Include="..\..\src\app\srs_app_config.hpp">
      <Filter>app</Filter>
    </ClInclude>
    <ClInclude Include="..\..\src\app\srs_app_conn.hpp">
      <Filter>app</Filter>
    </ClInclude>
    <ClInclude Include="..\..\src\app\srs_app_coworkers.hpp">
      <Filter>app</Filter>
    </ClInclude>
    <ClInclude Include="..\..\src\app\srs_app_dash.hpp">
      <Filter>app</Filter>
    </ClInclude>
    <ClInclude Include="..\..\src\app\srs_app_dvr.hpp">
      <Filter>app</Filter>
    </ClInclude>
    <ClInclude Include="..\..\src\app\srs_app_edge.hpp">
      <Filter>app</Filter>
    </ClInclude>
    <ClInclude Include="..\..\src\app\srs_app_empty.hpp">
      <Filter>app</Filter>
    </ClInclude>
    <ClInclude Include="..\..\src\app\srs_app_encoder.hpp">
      <Filter>app</Filter>
    </ClInclude>
    <ClInclude Include="..\..\src\app\srs_app_ffmpeg.hpp">
      <Filter>app</Filter>
    </ClInclude>
    <ClInclude Include="..\..\src\app\srs_app_forward.hpp">
      <Filter>app</Filter>
    </ClInclude>
    <ClInclude Include="..\..\src\app\srs_app_fragment.hpp">
      <Filter>app</Filter>
    </ClInclude>
    <ClInclude Include="..\..\src\app\srs_app_gb28181.hpp">
      <Filter>app</Filter>
    </ClInclude>
    <ClInclude Include="..\..\src\app\srs_app_hds.hpp">
      <Filter>app</Filter>
    </ClInclude>
    <ClInclude Include="..\..\src\app\srs_app_heartbeat.hpp">
      <Filter>app</Filter>
    </ClInclude>
    <ClInclude Include="..\..\src\app\srs_app_hls.hpp">
      <Filter>app</Filter>
    </ClInclude>
    <ClInclude Include="..\..\src\app\srs_app_hourglass.hpp">
      <Filter>app</Filter>
    </ClInclude>
    <ClInclude Include="..\..\src\app\srs_app_http_api.hpp">
      <Filter>app</Filter>
    </ClInclude>
    <ClInclude Include="..\..\src\app\srs_app_http_client.hpp">
      <Filter>app</Filter>
    </ClInclude>
    <ClInclude Include="..\..\src\app\srs_app_http_conn.hpp">
      <Filter>app</Filter>
    </ClInclude>
    <ClInclude Include="..\..\src\app\srs_app_http_hooks.hpp">
      <Filter>app</Filter>
    </ClInclude>
    <ClInclude Include="..\..\src\app\srs_app_http_static.hpp">
      <Filter>app</Filter>
    </ClInclude>
    <ClInclude Include="..\..\src\app\srs_app_http_stream.hpp">
      <Filter>app</Filter>
    </ClInclude>
    <ClInclude Include="..\..\src\app\srs_app_hybrid.hpp">
      <Filter>app</Filter>
    </ClInclude>
    <ClInclude Include="..\..\src\app\srs_app_ingest.hpp">
      <Filter>app</Filter>
    </ClInclude>
    <ClInclude Include="..\..\src\app\srs_app_latest_version.hpp">
      <Filter>app</Filter>
    </ClInclude>
    <ClInclude Include="..\..\src\app\srs_app_listener.hpp">
      <Filter>app</Filter>
    </ClInclude>
    <ClInclude Include="..\..\src\app\srs_app_log.hpp">
      <Filter>app</Filter>
    </ClInclude>
    <ClInclude Include="..\..\src\app\srs_app_mpegts_udp.hpp">
      <Filter>app</Filter>
    </ClInclude>
    <ClInclude Include="..\..\src\app\srs_app_ng_exec.hpp">
      <Filter>app</Filter>
    </ClInclude>
    <ClInclude Include="..\..\src\app\srs_app_pithy_print.hpp">
      <Filter>app</Filter>
    </ClInclude>
    <ClInclude Include="..\..\src\app\srs_app_process.hpp">
      <Filter>app</Filter>
    </ClInclude>
    <ClInclude Include="..\..\src\app\srs_app_recv_thread.hpp">
      <Filter>app</Filter>
    </ClInclude>
    <ClInclude Include="..\..\src\app\srs_app_refer.hpp">
      <Filter>app</Filter>
    </ClInclude>
    <ClInclude Include="..\..\src\app\srs_app_reload.hpp">
      <Filter>app</Filter>
    </ClInclude>
    <ClInclude Include="..\..\src\app\srs_app_rtc_api.hpp">
      <Filter>app</Filter>
    </ClInclude>
    <ClInclude Include="..\..\src\app\srs_app_rtc_codec.hpp">
      <Filter>app</Filter>
    </ClInclude>
    <ClInclude Include="..\..\src\app\srs_app_rtc_conn.hpp">
      <Filter>app</Filter>
    </ClInclude>
    <ClInclude Include="..\..\src\app\srs_app_rtc_dtls.hpp">
      <Filter>app</Filter>
    </ClInclude>
    <ClInclude Include="..\..\src\app\srs_app_rtc_network.hpp">
      <Filter>app</Filter>
    </ClInclude>
    <ClInclude Include="..\..\src\app\srs_app_rtc_queue.hpp">
      <Filter>app</Filter>
    </ClInclude>
    <ClInclude Include="..\..\src\app\srs_app_rtc_sdp.hpp">
      <Filter>app</Filter>
    </ClInclude>
    <ClInclude Include="..\..\src\app\srs_app_rtc_server.hpp">
      <Filter>app</Filter>
    </ClInclude>
    <ClInclude Include="..\..\src\app\srs_app_rtc_source.hpp">
      <Filter>app</Filter>
    </ClInclude>
    <ClInclude Include="..\..\src\app\srs_app_rtmp_conn.hpp">
      <Filter>app</Filter>
    </ClInclude>
    <ClInclude Include="..\..\src\app\srs_app_security.hpp">
      <Filter>app</Filter>
    </ClInclude>
    <ClInclude Include="..\..\src\app\srs_app_server.hpp">
      <Filter>app</Filter>
    </ClInclude>
    <ClInclude Include="..\..\src\app\srs_app_source.hpp">
      <Filter>app</Filter>
    </ClInclude>
    <ClInclude Include="..\..\src\app\srs_app_srt_conn.hpp">
      <Filter>app</Filter>
    </ClInclude>
    <ClInclude Include="..\..\src\app\srs_app_srt_listener.hpp">
      <Filter>app</Filter>
    </ClInclude>
    <ClInclude Include="..\..\src\app\srs_app_srt_server.hpp">
      <Filter>app</Filter>
    </ClInclude>
    <ClInclude Include="..\..\src\app\srs_app_srt_source.hpp">
      <Filter>app</Filter>
    </ClInclude>
    <ClInclude Include="..\..\src\app\srs_app_srt_utility.hpp">
      <Filter>app</Filter>
    </ClInclude>
    <ClInclude Include="..\..\src\app\srs_app_st.hpp">
      <Filter>app</Filter>
    </ClInclude>
    <ClInclude Include="..\..\src\app\srs_app_statistic.hpp">
      <Filter>app</Filter>
    </ClInclude>
    <ClInclude Include="..\..\src\app\srs_app_tencentcloud.hpp">
      <Filter>app</Filter>
    </ClInclude>
    <ClInclude Include="..\..\src\app\srs_app_threads.hpp">
      <Filter>app</Filter>
    </ClInclude>
    <ClInclude Include="..\..\src\app\srs_app_utility.hpp">
      <Filter>app</Filter>
    </ClInclude>
    <ClInclude Include="..\..\src\app\srs_app_uuid.hpp">
      <Filter>app</Filter>
    </ClInclude>
  </ItemGroup>
  <ItemGroup>
    <None Include="cpp.hint" />
  </ItemGroup>
</Project>